
Microsoft Visual Studio Solution File, Format Version 12.00
# Visual Studio 15
VisualStudioVersion = 15.0.27130.2027
MinimumVisualStudioVersion = 10.0.40219.1
Project("{FAE04EC0-301F-11D3-BF4B-00C04F79EFBC}") = "LogConsole", "LogConsole\LogConsole.csproj", "{426B2A6F-69FE-4A29-A292-672C6D1F04EE}"
EndProject
Project("{FAE04EC0-301F-11D3-BF4B-00C04F79EFBC}") = "Project.Log", "Project.Log\Project.Log.csproj", "{63C28FBD-7421-4D41-90B3-9A094DF55FFC}"
EndProject
Project("{FAE04EC0-301F-11D3-BF4B-00C04F79EFBC}") = "Project.Aop", "Project.Aop\Project.Aop.csproj", "{3C15D208-DD97-494C-A2E6-2A4AD9937A51}"
EndProject
Global
	GlobalSection(SolutionConfigurationPlatforms) = preSolution
		Debug|Any CPU = Debug|Any CPU
		Release|Any CPU = Release|Any CPU
	EndGlobalSection
	GlobalSection(ProjectConfigurationPlatforms) = postSolution
		{426B2A6F-69FE-4A29-A292-672C6D1F04EE}.Debug|Any CPU.ActiveCfg = Debug|Any CPU
		{426B2A6F-69FE-4A29-A292-672C6D1F04EE}.Debug|Any CPU.Build.0 = Debug|Any CPU
		{426B2A6F-69FE-4A29-A292-672C6D1F04EE}.Release|Any CPU.ActiveCfg = Release|Any CPU
		{426B2A6F-69FE-4A29-A292-672C6D1F04EE}.Release|Any CPU.Build.0 = Release|Any CPU
		{63C28FBD-7421-4D41-90B3-9A094DF55FFC}.Debug|Any CPU.ActiveCfg = Debug|Any CPU
		{63C28FBD-7421-4D41-90B3-9A094DF55FFC}.Debug|Any CPU.Build.0 = Debug|Any CPU
		{63C28FBD-7421-4D41-90B3-9A094DF55FFC}.Release|Any CPU.ActiveCfg = Release|Any CPU
		{63C28FBD-7421-4D41-90B3-9A094DF55FFC}.Release|Any CPU.Build.0 = Release|Any CPU
		{3C15D208-DD97-494C-A2E6-2A4AD9937A51}.Debug|Any CPU.ActiveCfg = Debug|Any CPU
		{3C15D208-DD97-494C-A2E6-2A4AD9937A51}.Debug|Any CPU.Build.0 = Debug|Any CPU
		{3C15D208-DD97-494C-A2E6-2A4AD9937A51}.Release|Any CPU.ActiveCfg = Release|Any CPU
		{3C15D208-DD97-494C-A2E6-2A4AD9937A51}.Release|Any CPU.Build.0 = Release|Any CPU
	EndGlobalSection
	GlobalSection(SolutionProperties) = preSolution
		HideSolutionNode = FALSE
	EndGlobalSection
	GlobalSection(ExtensibilityGlobals) = postSolution
		EnterpriseLibraryConfigurationToolBinariesPathV6 = packages\EnterpriseLibrary.Common.6.0.1304.0\lib\NET45;packages\EnterpriseLibrary.Logging.6.0.1304.0\lib\NET45;packages\EnterpriseLibrary.PolicyInjection.6.0.1304.0\lib\NET45
		SolutionGuid = {28151BB8-5DCB-4E44-A103-6B9A6AAC6374}
	EndGlobalSection
EndGlobal
